// !$*UTF8*$!
{
	archiveVersion = 1;
	classes = {
	};
	objectVersion = 50;
	objects = {

/* Begin PBXBuildFile section */
		0361340221927D53002F845C /* AppDelegate.m in Sources */ = {isa = PBXBuildFile; fileRef = 0361340121927D53002F845C /* AppDelegate.m */; };
		0361340A21927D55002F845C /* Assets.xcassets in Resources */ = {isa = PBXBuildFile; fileRef = 0361340921927D55002F845C /* Assets.xcassets */; };
		0361340D21927D55002F845C /* LaunchScreen.storyboard in Resources */ = {isa = PBXBuildFile; fileRef = 0361340B21927D55002F845C /* LaunchScreen.storyboard */; };
		0361341021927D55002F845C /* main.m in Sources */ = {isa = PBXBuildFile; fileRef = 0361340F21927D55002F845C /* main.m */; };
		0361345721928F11002F845C /* NSLayoutConstraint+MASDebugAdditions.m in Sources */ = {isa = PBXBuildFile; fileRef = 0361341C21928F11002F845C /* NSLayoutConstraint+MASDebugAdditions.m */; };
		0361345821928F11002F845C /* ViewController+MASAdditions.m in Sources */ = {isa = PBXBuildFile; fileRef = 0361342521928F11002F845C /* ViewController+MASAdditions.m */; };
		0361345921928F11002F845C /* MASCompositeConstraint.m in Sources */ = {isa = PBXBuildFile; fileRef = 0361342921928F11002F845C /* MASCompositeConstraint.m */; };
		0361345A21928F11002F845C /* MASConstraintMaker.m in Sources */ = {isa = PBXBuildFile; fileRef = 0361342A21928F11002F845C /* MASConstraintMaker.m */; };
		0361345B21928F11002F845C /* MASLayoutConstraint.m in Sources */ = {isa = PBXBuildFile; fileRef = 0361342B21928F11002F845C /* MASLayoutConstraint.m */; };
		0361345C21928F11002F845C /* NSArray+MASAdditions.m in Sources */ = {isa = PBXBuildFile; fileRef = 0361342C21928F11002F845C /* NSArray+MASAdditions.m */; };
		0361345D21928F11002F845C /* View+MASAdditions.m in Sources */ = {isa = PBXBuildFile; fileRef = 0361342D21928F11002F845C /* View+MASAdditions.m */; };
		0361345E21928F11002F845C /* MASConstraint.m in Sources */ = {isa = PBXBuildFile; fileRef = 0361343021928F11002F845C /* MASConstraint.m */; };
		0361345F21928F11002F845C /* MASViewConstraint.m in Sources */ = {isa = PBXBuildFile; fileRef = 0361343221928F11002F845C /* MASViewConstraint.m */; };
		0361346021928F11002F845C /* MASViewAttribute.m in Sources */ = {isa = PBXBuildFile; fileRef = 0361343321928F11002F845C /* MASViewAttribute.m */; };
		0361346121928F11002F845C /* IQTextView.m in Sources */ = {isa = PBXBuildFile; fileRef = 0361343621928F11002F845C /* IQTextView.m */; };
		0361346221928F11002F845C /* IQToolbar.m in Sources */ = {isa = PBXBuildFile; fileRef = 0361343A21928F11002F845C /* IQToolbar.m */; };
		0361346321928F11002F845C /* IQTitleBarButtonItem.m in Sources */ = {isa = PBXBuildFile; fileRef = 0361343C21928F11002F845C /* IQTitleBarButtonItem.m */; };
		0361346421928F11002F845C /* IQBarButtonItem.m in Sources */ = {isa = PBXBuildFile; fileRef = 0361343D21928F11002F845C /* IQBarButtonItem.m */; };
		0361346521928F11002F845C /* IQUIView+IQKeyboardToolbar.m in Sources */ = {isa = PBXBuildFile; fileRef = 0361343E21928F11002F845C /* IQUIView+IQKeyboardToolbar.m */; };
		0361346621928F11002F845C /* IQPreviousNextView.m in Sources */ = {isa = PBXBuildFile; fileRef = 0361343F21928F11002F845C /* IQPreviousNextView.m */; };
		0361346721928F11002F845C /* IQKeyboardManager.bundle in Resources */ = {isa = PBXBuildFile; fileRef = 0361344721928F11002F845C /* IQKeyboardManager.bundle */; };
		0361346821928F11002F845C /* IQKeyboardManager.m in Sources */ = {isa = PBXBuildFile; fileRef = 0361344A21928F11002F845C /* IQKeyboardManager.m */; };
		0361346921928F11002F845C /* IQNSArray+Sort.m in Sources */ = {isa = PBXBuildFile; fileRef = 0361344C21928F11002F845C /* IQNSArray+Sort.m */; };
		0361346A21928F11002F845C /* IQUITextFieldView+Additions.m in Sources */ = {isa = PBXBuildFile; fileRef = 0361344E21928F11002F845C /* IQUITextFieldView+Additions.m */; };
		0361346B21928F11002F845C /* IQUIScrollView+Additions.m in Sources */ = {isa = PBXBuildFile; fileRef = 0361344F21928F11002F845C /* IQUIScrollView+Additions.m */; };
		0361346C21928F11002F845C /* IQUIView+Hierarchy.m in Sources */ = {isa = PBXBuildFile; fileRef = 0361345021928F11002F845C /* IQUIView+Hierarchy.m */; };
		0361346D21928F11002F845C /* IQUIViewController+Additions.m in Sources */ = {isa = PBXBuildFile; fileRef = 0361345421928F11002F845C /* IQUIViewController+Additions.m */; };
		0361346E21928F11002F845C /* IQKeyboardReturnKeyHandler.m in Sources */ = {isa = PBXBuildFile; fileRef = 0361345621928F11002F845C /* IQKeyboardReturnKeyHandler.m */; };
		0361348E21928F90002F845C /* VPNavigationController.m in Sources */ = {isa = PBXBuildFile; fileRef = 0361347521928F90002F845C /* VPNavigationController.m */; };
		0361348F21928F90002F845C /* BaseViewController.m in Sources */ = {isa = PBXBuildFile; fileRef = 0361347821928F90002F845C /* BaseViewController.m */; };
		0361349021928F90002F845C /* OutageController.m in Sources */ = {isa = PBXBuildFile; fileRef = 0361347C21928F90002F845C /* OutageController.m */; };
		0361349121928F90002F845C /* EmbedController.m in Sources */ = {isa = PBXBuildFile; fileRef = 0361348021928F90002F845C /* EmbedController.m */; };
		0361349221928F90002F845C /* InvisibleController.m in Sources */ = {isa = PBXBuildFile; fileRef = 0361348221928F90002F845C /* InvisibleController.m */; };
		0361349321928F90002F845C /* ClickController.m in Sources */ = {isa = PBXBuildFile; fileRef = 0361348521928F90002F845C /* ClickController.m */; };
		0361349421928F90002F845C /* VPEnabledButton.m in Sources */ = {isa = PBXBuildFile; fileRef = 0361348A21928F90002F845C /* VPEnabledButton.m */; };
		0361349521928F90002F845C /* VPCustomClickButton.m in Sources */ = {isa = PBXBuildFile; fileRef = 0361348B21928F90002F845C /* VPCustomClickButton.m */; };
		0361349621928F90002F845C /* VPInputView.m in Sources */ = {isa = PBXBuildFile; fileRef = 0361348C21928F90002F845C /* VPInputView.m */; };
		0361349921928F99002F845C /* MainTabBarController.m in Sources */ = {isa = PBXBuildFile; fileRef = 0361349721928F98002F845C /* MainTabBarController.m */; };
		036134A42192986C002F845C /* Localizable.strings in Resources */ = {isa = PBXBuildFile; fileRef = 036134A62192986C002F845C /* Localizable.strings */; };
		0365B4EB21997BBC0002B905 /* VaptchaSDK.framework in Frameworks */ = {isa = PBXBuildFile; fileRef = 0365B4EA21997BBC0002B905 /* VaptchaSDK.framework */; };
		03B708472193DC5400F275D0 /* MainTabBarControllerAnimatedTransition.m in Sources */ = {isa = PBXBuildFile; fileRef = 03B708452193DC5400F275D0 /* MainTabBarControllerAnimatedTransition.m */; };
		03B7085C2194339900F275D0 /* VPResource.bundle in Resources */ = {isa = PBXBuildFile; fileRef = 03B7085B2194339900F275D0 /* VPResource.bundle */; };
/* End PBXBuildFile section */

/* Begin PBXFileReference section */
		036133FD21927D53002F845C /* VaptchaDemo.app */ = {isa = PBXFileReference; explicitFileType = wrapper.application; includeInIndex = 0; path = VaptchaDemo.app; sourceTree = BUILT_PRODUCTS_DIR; };
		0361340021927D53002F845C /* AppDelegate.h */ = {isa = PBXFileReference; lastKnownFileType = sourcecode.c.h; path = AppDelegate.h; sourceTree = "<group>"; };
		0361340121927D53002F845C /* AppDelegate.m */ = {isa = PBXFileReference; lastKnownFileType = sourcecode.c.objc; path = AppDelegate.m; sourceTree = "<group>"; };
		0361340921927D55002F845C /* Assets.xcassets */ = {isa = PBXFileReference; lastKnownFileType = folder.assetcatalog; path = Assets.xcassets; sourceTree = "<group>"; };
		0361340C21927D55002F845C /* Base */ = {isa = PBXFileReference; lastKnownFileType = file.storyboard; name = Base; path = Base.lproj/LaunchScreen.storyboard; sourceTree = "<group>"; };
		0361340E21927D55002F845C /* Info.plist */ = {isa = PBXFileReference; lastKnownFileType = text.plist.xml; path = Info.plist; sourceTree = "<group>"; };
		0361340F21927D55002F845C /* main.m */ = {isa = PBXFileReference; lastKnownFileType = sourcecode.c.objc; path = main.m; sourceTree = "<group>"; };
		0361341B21928F11002F845C /* MASCompositeConstraint.h */ = {isa = PBXFileReference; fileEncoding = 4; lastKnownFileType = sourcecode.c.h; path = MASCompositeConstraint.h; sourceTree = "<group>"; };
		0361341C21928F11002F845C /* NSLayoutConstraint+MASDebugAdditions.m */ = {isa = PBXFileReference; fileEncoding = 4; lastKnownFileType = sourcecode.c.objc; path = "NSLayoutConstraint+MASDebugAdditions.m"; sourceTree = "<group>"; };
		0361341D21928F11002F845C /* MASConstraint+Private.h */ = {isa = PBXFileReference; fileEncoding = 4; lastKnownFileType = sourcecode.c.h; path = "MASConstraint+Private.h"; sourceTree = "<group>"; };
		0361341E21928F11002F845C /* MASLayoutConstraint.h */ = {isa = PBXFileReference; fileEncoding = 4; lastKnownFileType = sourcecode.c.h; path = MASLayoutConstraint.h; sourceTree = "<group>"; };
		0361341F21928F11002F845C /* NSArray+MASShorthandAdditions.h */ = {isa = PBXFileReference; fileEncoding = 4; lastKnownFileType = sourcecode.c.h; path = "NSArray+MASShorthandAdditions.h"; sourceTree = "<group>"; };
		0361342021928F11002F845C /* MASConstraintMaker.h */ = {isa = PBXFileReference; fileEncoding = 4; lastKnownFileType = sourcecode.c.h; path = MASConstraintMaker.h; sourceTree = "<group>"; };
		0361342121928F11002F845C /* View+MASAdditions.h */ = {isa = PBXFileReference; fileEncoding = 4; lastKnownFileType = sourcecode.c.h; path = "View+MASAdditions.h"; sourceTree = "<group>"; };
		0361342221928F11002F845C /* NSArray+MASAdditions.h */ = {isa = PBXFileReference; fileEncoding = 4; lastKnownFileType = sourcecode.c.h; path = "NSArray+MASAdditions.h"; sourceTree = "<group>"; };
		0361342321928F11002F845C /* MASUtilities.h */ = {isa = PBXFileReference; fileEncoding = 4; lastKnownFileType = sourcecode.c.h; path = MASUtilities.h; sourceTree = "<group>"; };
		0361342421928F11002F845C /* MASViewAttribute.h */ = {isa = PBXFileReference; fileEncoding = 4; lastKnownFileType = sourcecode.c.h; path = MASViewAttribute.h; sourceTree = "<group>"; };
		0361342521928F11002F845C /* ViewController+MASAdditions.m */ = {isa = PBXFileReference; fileEncoding = 4; lastKnownFileType = sourcecode.c.objc; path = "ViewController+MASAdditions.m"; sourceTree = "<group>"; };
		0361342621928F11002F845C /* MASViewConstraint.h */ = {isa = PBXFileReference; fileEncoding = 4; lastKnownFileType = sourcecode.c.h; path = MASViewConstraint.h; sourceTree = "<group>"; };
		0361342721928F11002F845C /* MASConstraint.h */ = {isa = PBXFileReference; fileEncoding = 4; lastKnownFileType = sourcecode.c.h; path = MASConstraint.h; sourceTree = "<group>"; };
		0361342821928F11002F845C /* NSLayoutConstraint+MASDebugAdditions.h */ = {isa = PBXFileReference; fileEncoding = 4; lastKnownFileType = sourcecode.c.h; path = "NSLayoutConstraint+MASDebugAdditions.h"; sourceTree = "<group>"; };
		0361342921928F11002F845C /* MASCompositeConstraint.m */ = {isa = PBXFileReference; fileEncoding = 4; lastKnownFileType = sourcecode.c.objc; path = MASCompositeConstraint.m; sourceTree = "<group>"; };
		0361342A21928F11002F845C /* MASConstraintMaker.m */ = {isa = PBXFileReference; fileEncoding = 4; lastKnownFileType = sourcecode.c.objc; path = MASConstraintMaker.m; sourceTree = "<group>"; };
		0361342B21928F11002F845C /* MASLayoutConstraint.m */ = {isa = PBXFileReference; fileEncoding = 4; lastKnownFileType = sourcecode.c.objc; path = MASLayoutConstraint.m; sourceTree = "<group>"; };
		0361342C21928F11002F845C /* NSArray+MASAdditions.m */ = {isa = PBXFileReference; fileEncoding = 4; lastKnownFileType = sourcecode.c.objc; path = "NSArray+MASAdditions.m"; sourceTree = "<group>"; };
		0361342D21928F11002F845C /* View+MASAdditions.m */ = {isa = PBXFileReference; fileEncoding = 4; lastKnownFileType = sourcecode.c.objc; path = "View+MASAdditions.m"; sourceTree = "<group>"; };
		0361342E21928F11002F845C /* View+MASShorthandAdditions.h */ = {isa = PBXFileReference; fileEncoding = 4; lastKnownFileType = sourcecode.c.h; path = "View+MASShorthandAdditions.h"; sourceTree = "<group>"; };
		0361342F21928F11002F845C /* Masonry.h */ = {isa = PBXFileReference; fileEncoding = 4; lastKnownFileType = sourcecode.c.h; path = Masonry.h; sourceTree = "<group>"; };
		0361343021928F11002F845C /* MASConstraint.m */ = {isa = PBXFileReference; fileEncoding = 4; lastKnownFileType = sourcecode.c.objc; path = MASConstraint.m; sourceTree = "<group>"; };
		0361343121928F11002F845C /* ViewController+MASAdditions.h */ = {isa = PBXFileReference; fileEncoding = 4; lastKnownFileType = sourcecode.c.h; path = "ViewController+MASAdditions.h"; sourceTree = "<group>"; };
		0361343221928F11002F845C /* MASViewConstraint.m */ = {isa = PBXFileReference; fileEncoding = 4; lastKnownFileType = sourcecode.c.objc; path = MASViewConstraint.m; sourceTree = "<group>"; };
		0361343321928F11002F845C /* MASViewAttribute.m */ = {isa = PBXFileReference; fileEncoding = 4; lastKnownFileType = sourcecode.c.objc; path = MASViewAttribute.m; sourceTree = "<group>"; };
		0361343621928F11002F845C /* IQTextView.m */ = {isa = PBXFileReference; fileEncoding = 4; lastKnownFileType = sourcecode.c.objc; path = IQTextView.m; sourceTree = "<group>"; };
		0361343721928F11002F845C /* IQTextView.h */ = {isa = PBXFileReference; fileEncoding = 4; lastKnownFileType = sourcecode.c.h; path = IQTextView.h; sourceTree = "<group>"; };
		0361343921928F11002F845C /* IQUIView+IQKeyboardToolbar.h */ = {isa = PBXFileReference; fileEncoding = 4; lastKnownFileType = sourcecode.c.h; path = "IQUIView+IQKeyboardToolbar.h"; sourceTree = "<group>"; };
		0361343A21928F11002F845C /* IQToolbar.m */ = {isa = PBXFileReference; fileEncoding = 4; lastKnownFileType = sourcecode.c.objc; path = IQToolbar.m; sourceTree = "<group>"; };
		0361343B21928F11002F845C /* IQPreviousNextView.h */ = {isa = PBXFileReference; fileEncoding = 4; lastKnownFileType = sourcecode.c.h; path = IQPreviousNextView.h; sourceTree = "<group>"; };
		0361343C21928F11002F845C /* IQTitleBarButtonItem.m */ = {isa = PBXFileReference; fileEncoding = 4; lastKnownFileType = sourcecode.c.objc; path = IQTitleBarButtonItem.m; sourceTree = "<group>"; };
		0361343D21928F11002F845C /* IQBarButtonItem.m */ = {isa = PBXFileReference; fileEncoding = 4; lastKnownFileType = sourcecode.c.objc; path = IQBarButtonItem.m; sourceTree = "<group>"; };
		0361343E21928F11002F845C /* IQUIView+IQKeyboardToolbar.m */ = {isa = PBXFileReference; fileEncoding = 4; lastKnownFileType = sourcecode.c.objc; path = "IQUIView+IQKeyboardToolbar.m"; sourceTree = "<group>"; };
		0361343F21928F11002F845C /* IQPreviousNextView.m */ = {isa = PBXFileReference; fileEncoding = 4; lastKnownFileType = sourcecode.c.objc; path = IQPreviousNextView.m; sourceTree = "<group>"; };
		0361344021928F11002F845C /* IQToolbar.h */ = {isa = PBXFileReference; fileEncoding = 4; lastKnownFileType = sourcecode.c.h; path = IQToolbar.h; sourceTree = "<group>"; };
		0361344121928F11002F845C /* IQBarButtonItem.h */ = {isa = PBXFileReference; fileEncoding = 4; lastKnownFileType = sourcecode.c.h; path = IQBarButtonItem.h; sourceTree = "<group>"; };
		0361344221928F11002F845C /* IQTitleBarButtonItem.h */ = {isa = PBXFileReference; fileEncoding = 4; lastKnownFileType = sourcecode.c.h; path = IQTitleBarButtonItem.h; sourceTree = "<group>"; };
		0361344421928F11002F845C /* IQKeyboardManagerConstantsInternal.h */ = {isa = PBXFileReference; fileEncoding = 4; lastKnownFileType = sourcecode.c.h; path = IQKeyboardManagerConstantsInternal.h; sourceTree = "<group>"; };
		0361344521928F11002F845C /* IQKeyboardManagerConstants.h */ = {isa = PBXFileReference; fileEncoding = 4; lastKnownFileType = sourcecode.c.h; path = IQKeyboardManagerConstants.h; sourceTree = "<group>"; };
		0361344721928F11002F845C /* IQKeyboardManager.bundle */ = {isa = PBXFileReference; lastKnownFileType = "wrapper.plug-in"; path = IQKeyboardManager.bundle; sourceTree = "<group>"; };
		0361344821928F11002F845C /* IQKeyboardReturnKeyHandler.h */ = {isa = PBXFileReference; fileEncoding = 4; lastKnownFileType = sourcecode.c.h; path = IQKeyboardReturnKeyHandler.h; sourceTree = "<group>"; };
		0361344921928F11002F845C /* IQKeyboardManager.h */ = {isa = PBXFileReference; fileEncoding = 4; lastKnownFileType = sourcecode.c.h; path = IQKeyboardManager.h; sourceTree = "<group>"; };
		0361344A21928F11002F845C /* IQKeyboardManager.m */ = {isa = PBXFileReference; fileEncoding = 4; lastKnownFileType = sourcecode.c.objc; path = IQKeyboardManager.m; sourceTree = "<group>"; };
		0361344C21928F11002F845C /* IQNSArray+Sort.m */ = {isa = PBXFileReference; fileEncoding = 4; lastKnownFileType = sourcecode.c.objc; path = "IQNSArray+Sort.m"; sourceTree = "<group>"; };
		0361344D21928F11002F845C /* IQUIViewController+Additions.h */ = {isa = PBXFileReference; fileEncoding = 4; lastKnownFileType = sourcecode.c.h; path = "IQUIViewController+Additions.h"; sourceTree = "<group>"; };
		0361344E21928F11002F845C /* IQUITextFieldView+Additions.m */ = {isa = PBXFileReference; fileEncoding = 4; lastKnownFileType = sourcecode.c.objc; path = "IQUITextFieldView+Additions.m"; sourceTree = "<group>"; };
		0361344F21928F11002F845C /* IQUIScrollView+Additions.m */ = {isa = PBXFileReference; fileEncoding = 4; lastKnownFileType = sourcecode.c.objc; path = "IQUIScrollView+Additions.m"; sourceTree = "<group>"; };
		0361345021928F11002F845C /* IQUIView+Hierarchy.m */ = {isa = PBXFileReference; fileEncoding = 4; lastKnownFileType = sourcecode.c.objc; path = "IQUIView+Hierarchy.m"; sourceTree = "<group>"; };
		0361345121928F11002F845C /* IQNSArray+Sort.h */ = {isa = PBXFileReference; fileEncoding = 4; lastKnownFileType = sourcecode.c.h; path = "IQNSArray+Sort.h"; sourceTree = "<group>"; };
		0361345221928F11002F845C /* IQUIScrollView+Additions.h */ = {isa = PBXFileReference; fileEncoding = 4; lastKnownFileType = sourcecode.c.h; path = "IQUIScrollView+Additions.h"; sourceTree = "<group>"; };
		0361345321928F11002F845C /* IQUITextFieldView+Additions.h */ = {isa = PBXFileReference; fileEncoding = 4; lastKnownFileType = sourcecode.c.h; path = "IQUITextFieldView+Additions.h"; sourceTree = "<group>"; };
		0361345421928F11002F845C /* IQUIViewController+Additions.m */ = {isa = PBXFileReference; fileEncoding = 4; lastKnownFileType = sourcecode.c.objc; path = "IQUIViewController+Additions.m"; sourceTree = "<group>"; };
		0361345521928F11002F845C /* IQUIView+Hierarchy.h */ = {isa = PBXFileReference; fileEncoding = 4; lastKnownFileType = sourcecode.c.h; path = "IQUIView+Hierarchy.h"; sourceTree = "<group>"; };
		0361345621928F11002F845C /* IQKeyboardReturnKeyHandler.m */ = {isa = PBXFileReference; fileEncoding = 4; lastKnownFileType = sourcecode.c.objc; path = IQKeyboardReturnKeyHandler.m; sourceTree = "<group>"; };
		0361347521928F90002F845C /* VPNavigationController.m */ = {isa = PBXFileReference; fileEncoding = 4; lastKnownFileType = sourcecode.c.objc; path = VPNavigationController.m; sourceTree = "<group>"; };
		0361347621928F90002F845C /* VPNavigationController.h */ = {isa = PBXFileReference; fileEncoding = 4; lastKnownFileType = sourcecode.c.h; path = VPNavigationController.h; sourceTree = "<group>"; };
		0361347821928F90002F845C /* BaseViewController.m */ = {isa = PBXFileReference; fileEncoding = 4; lastKnownFileType = sourcecode.c.objc; path = BaseViewController.m; sourceTree = "<group>"; };
		0361347921928F90002F845C /* BaseViewController.h */ = {isa = PBXFileReference; fileEncoding = 4; lastKnownFileType = sourcecode.c.h; path = BaseViewController.h; sourceTree = "<group>"; };
		0361347C21928F90002F845C /* OutageController.m */ = {isa = PBXFileReference; fileEncoding = 4; lastKnownFileType = sourcecode.c.objc; path = OutageController.m; sourceTree = "<group>"; };
		0361347D21928F90002F845C /* OutageController.h */ = {isa = PBXFileReference; fileEncoding = 4; lastKnownFileType = sourcecode.c.h; path = OutageController.h; sourceTree = "<group>"; };
		0361347F21928F90002F845C /* EmbedController.h */ = {isa = PBXFileReference; fileEncoding = 4; lastKnownFileType = sourcecode.c.h; path = EmbedController.h; sourceTree = "<group>"; };
		0361348021928F90002F845C /* EmbedController.m */ = {isa = PBXFileReference; fileEncoding = 4; lastKnownFileType = sourcecode.c.objc; path = EmbedController.m; sourceTree = "<group>"; };
		0361348221928F90002F845C /* InvisibleController.m */ = {isa = PBXFileReference; fileEncoding = 4; lastKnownFileType = sourcecode.c.objc; path = InvisibleController.m; sourceTree = "<group>"; };
		0361348321928F90002F845C /* InvisibleController.h */ = {isa = PBXFileReference; fileEncoding = 4; lastKnownFileType = sourcecode.c.h; path = InvisibleController.h; sourceTree = "<group>"; };
		0361348521928F90002F845C /* ClickController.m */ = {isa = PBXFileReference; fileEncoding = 4; lastKnownFileType = sourcecode.c.objc; path = ClickController.m; sourceTree = "<group>"; };
		0361348621928F90002F845C /* ClickController.h */ = {isa = PBXFileReference; fileEncoding = 4; lastKnownFileType = sourcecode.c.h; path = ClickController.h; sourceTree = "<group>"; };
		0361348821928F90002F845C /* VPCustomClickButton.h */ = {isa = PBXFileReference; fileEncoding = 4; lastKnownFileType = sourcecode.c.h; path = VPCustomClickButton.h; sourceTree = "<group>"; };
		0361348921928F90002F845C /* VPInputView.h */ = {isa = PBXFileReference; fileEncoding = 4; lastKnownFileType = sourcecode.c.h; path = VPInputView.h; sourceTree = "<group>"; };
		0361348A21928F90002F845C /* VPEnabledButton.m */ = {isa = PBXFileReference; fileEncoding = 4; lastKnownFileType = sourcecode.c.objc; path = VPEnabledButton.m; sourceTree = "<group>"; };
		0361348B21928F90002F845C /* VPCustomClickButton.m */ = {isa = PBXFileReference; fileEncoding = 4; lastKnownFileType = sourcecode.c.objc; path = VPCustomClickButton.m; sourceTree = "<group>"; };
		0361348C21928F90002F845C /* VPInputView.m */ = {isa = PBXFileReference; fileEncoding = 4; lastKnownFileType = sourcecode.c.objc; path = VPInputView.m; sourceTree = "<group>"; };
		0361348D21928F90002F845C /* VPEnabledButton.h */ = {isa = PBXFileReference; fileEncoding = 4; lastKnownFileType = sourcecode.c.h; path = VPEnabledButton.h; sourceTree = "<group>"; };
		0361349721928F98002F845C /* MainTabBarController.m */ = {isa = PBXFileReference; fileEncoding = 4; lastKnownFileType = sourcecode.c.objc; path = MainTabBarController.m; sourceTree = "<group>"; };
		0361349821928F99002F845C /* MainTabBarController.h */ = {isa = PBXFileReference; fileEncoding = 4; lastKnownFileType = sourcecode.c.h; path = MainTabBarController.h; sourceTree = "<group>"; };
		036134A02192971D002F845C /* zh-Hans */ = {isa = PBXFileReference; lastKnownFileType = text.plist.strings; name = "zh-Hans"; path = "zh-Hans.lproj/LaunchScreen.strings"; sourceTree = "<group>"; };
		036134A121929726002F845C /* zh-Hant */ = {isa = PBXFileReference; lastKnownFileType = text.plist.strings; name = "zh-Hant"; path = "zh-Hant.lproj/LaunchScreen.strings"; sourceTree = "<group>"; };
		036134A52192986C002F845C /* en */ = {isa = PBXFileReference; lastKnownFileType = text.plist.strings; name = en; path = en.lproj/Localizable.strings; sourceTree = "<group>"; };
		036134A72192986E002F845C /* zh-Hans */ = {isa = PBXFileReference; lastKnownFileType = text.plist.strings; name = "zh-Hans"; path = "zh-Hans.lproj/Localizable.strings"; sourceTree = "<group>"; };
		036134A821929870002F845C /* zh-Hant */ = {isa = PBXFileReference; lastKnownFileType = text.plist.strings; name = "zh-Hant"; path = "zh-Hant.lproj/Localizable.strings"; sourceTree = "<group>"; };
		0365B4EA21997BBC0002B905 /* VaptchaSDK.framework */ = {isa = PBXFileReference; lastKnownFileType = wrapper.framework; path = VaptchaSDK.framework; sourceTree = "<group>"; };
		03B708452193DC5400F275D0 /* MainTabBarControllerAnimatedTransition.m */ = {isa = PBXFileReference; fileEncoding = 4; lastKnownFileType = sourcecode.c.objc; path = MainTabBarControllerAnimatedTransition.m; sourceTree = "<group>"; };
		03B708462193DC5400F275D0 /* MainTabBarControllerAnimatedTransition.h */ = {isa = PBXFileReference; fileEncoding = 4; lastKnownFileType = sourcecode.c.h; path = MainTabBarControllerAnimatedTransition.h; sourceTree = "<group>"; };
		03B7085B2194339900F275D0 /* VPResource.bundle */ = {isa = PBXFileReference; lastKnownFileType = "wrapper.plug-in"; path = VPResource.bundle; sourceTree = "<group>"; };
/* End PBXFileReference section */

/* Begin PBXFrameworksBuildPhase section */
		036133FA21927D53002F845C /* Frameworks */ = {
			isa = PBXFrameworksBuildPhase;
			buildActionMask = 2147483647;
			files = (
				0365B4EB21997BBC0002B905 /* VaptchaSDK.framework in Frameworks */,
			);
			runOnlyForDeploymentPostprocessing = 0;
		};
/* End PBXFrameworksBuildPhase section */

/* Begin PBXGroup section */
		036133F421927D53002F845C = {
			isa = PBXGroup;
			children = (
				0361341621928D32002F845C /* Vaptcha */,
				036133FF21927D53002F845C /* VaptchaDemo */,
				036133FE21927D53002F845C /* Products */,
			);
			sourceTree = "<group>";
		};
		036133FE21927D53002F845C /* Products */ = {
			isa = PBXGroup;
			children = (
				036133FD21927D53002F845C /* VaptchaDemo.app */,
			);
			name = Products;
			sourceTree = "<group>";
		};
		036133FF21927D53002F845C /* VaptchaDemo */ = {
			isa = PBXGroup;
			children = (
				0361347321928F90002F845C /* Controllers */,
				0361341921928F11002F845C /* Lib */,
				0361340021927D53002F845C /* AppDelegate.h */,
				0361340121927D53002F845C /* AppDelegate.m */,
				0361349821928F99002F845C /* MainTabBarController.h */,
				0361349721928F98002F845C /* MainTabBarController.m */,
				0361340921927D55002F845C /* Assets.xcassets */,
				0361340B21927D55002F845C /* LaunchScreen.storyboard */,
				0361340E21927D55002F845C /* Info.plist */,
				0361340F21927D55002F845C /* main.m */,
				036134A62192986C002F845C /* Localizable.strings */,
			);
			path = VaptchaDemo;
			sourceTree = "<group>";
		};
		0361341621928D32002F845C /* Vaptcha */ = {
			isa = PBXGroup;
			children = (
				0365B4EA21997BBC0002B905 /* VaptchaSDK.framework */,
				03B7085B2194339900F275D0 /* VPResource.bundle */,
			);
			path = Vaptcha;
			sourceTree = "<group>";
		};
		0361341921928F11002F845C /* Lib */ = {
			isa = PBXGroup;
			children = (
				0361341A21928F11002F845C /* Masonry */,
				0361343421928F11002F845C /* IQKeyboardManager */,
			);
			path = Lib;
			sourceTree = "<group>";
		};
		0361341A21928F11002F845C /* Masonry */ = {
			isa = PBXGroup;
			children = (
				0361341B21928F11002F845C /* MASCompositeConstraint.h */,
				0361341C21928F11002F845C /* NSLayoutConstraint+MASDebugAdditions.m */,
				0361341D21928F11002F845C /* MASConstraint+Private.h */,
				0361341E21928F11002F845C /* MASLayoutConstraint.h */,
				0361341F21928F11002F845C /* NSArray+MASShorthandAdditions.h */,
				0361342021928F11002F845C /* MASConstraintMaker.h */,
				0361342121928F11002F845C /* View+MASAdditions.h */,
				0361342221928F11002F845C /* NSArray+MASAdditions.h */,
				0361342321928F11002F845C /* MASUtilities.h */,
				0361342421928F11002F845C /* MASViewAttribute.h */,
				0361342521928F11002F845C /* ViewController+MASAdditions.m */,
				0361342621928F11002F845C /* MASViewConstraint.h */,
				0361342721928F11002F845C /* MASConstraint.h */,
				0361342821928F11002F845C /* NSLayoutConstraint+MASDebugAdditions.h */,
				0361342921928F11002F845C /* MASCompositeConstraint.m */,
				0361342A21928F11002F845C /* MASConstraintMaker.m */,
				0361342B21928F11002F845C /* MASLayoutConstraint.m */,
				0361342C21928F11002F845C /* NSArray+MASAdditions.m */,
				0361342D21928F11002F845C /* View+MASAdditions.m */,
				0361342E21928F11002F845C /* View+MASShorthandAdditions.h */,
				0361342F21928F11002F845C /* Masonry.h */,
				0361343021928F11002F845C /* MASConstraint.m */,
				0361343121928F11002F845C /* ViewController+MASAdditions.h */,
				0361343221928F11002F845C /* MASViewConstraint.m */,
				0361343321928F11002F845C /* MASViewAttribute.m */,
			);
			path = Masonry;
			sourceTree = "<group>";
		};
		0361343421928F11002F845C /* IQKeyboardManager */ = {
			isa = PBXGroup;
			children = (
				0361343521928F11002F845C /* IQTextView */,
				0361343821928F11002F845C /* IQToolbar */,
				0361344321928F11002F845C /* Constants */,
				0361344621928F11002F845C /* Resources */,
				0361344821928F11002F845C /* IQKeyboardReturnKeyHandler.h */,
				0361344921928F11002F845C /* IQKeyboardManager.h */,
				0361344A21928F11002F845C /* IQKeyboardManager.m */,
				0361344B21928F11002F845C /* Categories */,
				0361345621928F11002F845C /* IQKeyboardReturnKeyHandler.m */,
			);
			path = IQKeyboardManager;
			sourceTree = "<group>";
		};
		0361343521928F11002F845C /* IQTextView */ = {
			isa = PBXGroup;
			children = (
				0361343621928F11002F845C /* IQTextView.m */,
				0361343721928F11002F845C /* IQTextView.h */,
			);
			path = IQTextView;
			sourceTree = "<group>";
		};
		0361343821928F11002F845C /* IQToolbar */ = {
			isa = PBXGroup;
			children = (
				0361343921928F11002F845C /* IQUIView+IQKeyboardToolbar.h */,
				0361343A21928F11002F845C /* IQToolbar.m */,
				0361343B21928F11002F845C /* IQPreviousNextView.h */,
				0361343C21928F11002F845C /* IQTitleBarButtonItem.m */,
				0361343D21928F11002F845C /* IQBarButtonItem.m */,
				0361343E21928F11002F845C /* IQUIView+IQKeyboardToolbar.m */,
				0361343F21928F11002F845C /* IQPreviousNextView.m */,
				0361344021928F11002F845C /* IQToolbar.h */,
				0361344121928F11002F845C /* IQBarButtonItem.h */,
				0361344221928F11002F845C /* IQTitleBarButtonItem.h */,
			);
			path = IQToolbar;
			sourceTree = "<group>";
		};
		0361344321928F11002F845C /* Constants */ = {
			isa = PBXGroup;
			children = (
				0361344421928F11002F845C /* IQKeyboardManagerConstantsInternal.h */,
				0361344521928F11002F845C /* IQKeyboardManagerConstants.h */,
			);
			path = Constants;
			sourceTree = "<group>";
		};
		0361344621928F11002F845C /* Resources */ = {
			isa = PBXGroup;
			children = (
				0361344721928F11002F845C /* IQKeyboardManager.bundle */,
			);
			path = Resources;
			sourceTree = "<group>";
		};
		0361344B21928F11002F845C /* Categories */ = {
			isa = PBXGroup;
			children = (
				0361344C21928F11002F845C /* IQNSArray+Sort.m */,
				0361344D21928F11002F845C /* IQUIViewController+Additions.h */,
				0361344E21928F11002F845C /* IQUITextFieldView+Additions.m */,
				0361344F21928F11002F845C /* IQUIScrollView+Additions.m */,
				0361345021928F11002F845C /* IQUIView+Hierarchy.m */,
				0361345121928F11002F845C /* IQNSArray+Sort.h */,
				0361345221928F11002F845C /* IQUIScrollView+Additions.h */,
				0361345321928F11002F845C /* IQUITextFieldView+Additions.h */,
				0361345421928F11002F845C /* IQUIViewController+Additions.m */,
				0361345521928F11002F845C /* IQUIView+Hierarchy.h */,
			);
			path = Categories;
			sourceTree = "<group>";
		};
		0361347321928F90002F845C /* Controllers */ = {
			isa = PBXGroup;
			children = (
				03B708442193DC5400F275D0 /* UIViewControllerAnimatedTransition */,
				0361347421928F90002F845C /* NavigationController */,
				0361347721928F90002F845C /* BaseViewController */,
				0361347A21928F90002F845C /* ViewControllers */,
				0361348721928F90002F845C /* Views */,
			);
			path = Controllers;
			sourceTree = "<group>";
		};
		0361347421928F90002F845C /* NavigationController */ = {
			isa = PBXGroup;
			children = (
				0361347521928F90002F845C /* VPNavigationController.m */,
				0361347621928F90002F845C /* VPNavigationController.h */,
			);
			path = NavigationController;
			sourceTree = "<group>";
		};
		0361347721928F90002F845C /* BaseViewController */ = {
			isa = PBXGroup;
			children = (
				0361347821928F90002F845C /* BaseViewController.m */,
				0361347921928F90002F845C /* BaseViewController.h */,
			);
			path = BaseViewController;
			sourceTree = "<group>";
		};
		0361347A21928F90002F845C /* ViewControllers */ = {
			isa = PBXGroup;
			children = (
				0361347B21928F90002F845C /* OutageController */,
				0361347E21928F90002F845C /* EmbedController */,
				0361348121928F90002F845C /* InvisibleController */,
				0361348421928F90002F845C /* ClickController */,
			);
			path = ViewControllers;
			sourceTree = "<group>";
		};
		0361347B21928F90002F845C /* OutageController */ = {
			isa = PBXGroup;
			children = (
				0361347C21928F90002F845C /* OutageController.m */,
				0361347D21928F90002F845C /* OutageController.h */,
			);
			path = OutageController;
			sourceTree = "<group>";
		};
		0361347E21928F90002F845C /* EmbedController */ = {
			isa = PBXGroup;
			children = (
				0361347F21928F90002F845C /* EmbedController.h */,
				0361348021928F90002F845C /* EmbedController.m */,
			);
			path = EmbedController;
			sourceTree = "<group>";
		};
		0361348121928F90002F845C /* InvisibleController */ = {
			isa = PBXGroup;
			children = (
				0361348221928F90002F845C /* InvisibleController.m */,
				0361348321928F90002F845C /* InvisibleController.h */,
			);
			path = InvisibleController;
			sourceTree = "<group>";
		};
		0361348421928F90002F845C /* ClickController */ = {
			isa = PBXGroup;
			children = (
				0361348521928F90002F845C /* ClickController.m */,
				0361348621928F90002F845C /* ClickController.h */,
			);
			path = ClickController;
			sourceTree = "<group>";
		};
		0361348721928F90002F845C /* Views */ = {
			isa = PBXGroup;
			children = (
				0361348821928F90002F845C /* VPCustomClickButton.h */,
				0361348921928F90002F845C /* VPInputView.h */,
				0361348A21928F90002F845C /* VPEnabledButton.m */,
				0361348B21928F90002F845C /* VPCustomClickButton.m */,
				0361348C21928F90002F845C /* VPInputView.m */,
				0361348D21928F90002F845C /* VPEnabledButton.h */,
			);
			path = Views;
			sourceTree = "<group>";
		};
		03B708442193DC5400F275D0 /* UIViewControllerAnimatedTransition */ = {
			isa = PBXGroup;
			children = (
				03B708452193DC5400F275D0 /* MainTabBarControllerAnimatedTransition.m */,
				03B708462193DC5400F275D0 /* MainTabBarControllerAnimatedTransition.h */,
			);
			path = UIViewControllerAnimatedTransition;
			sourceTree = "<group>";
		};
/* End PBXGroup section */

/* Begin PBXNativeTarget section */
		036133FC21927D53002F845C /* VaptchaDemo */ = {
			isa = PBXNativeTarget;
			buildConfigurationList = 0361341321927D55002F845C /* Build configuration list for PBXNativeTarget "VaptchaDemo" */;
			buildPhases = (
				036133F921927D53002F845C /* Sources */,
				036133FA21927D53002F845C /* Frameworks */,
				036133FB21927D53002F845C /* Resources */,
			);
			buildRules = (
			);
			dependencies = (
			);
			name = VaptchaDemo;
			productName = VaptchaDemo;
			productReference = 036133FD21927D53002F845C /* VaptchaDemo.app */;
			productType = "com.apple.product-type.application";
		};
/* End PBXNativeTarget section */

/* Begin PBXProject section */
		036133F521927D53002F845C /* Project object */ = {
			isa = PBXProject;
			attributes = {
				LastUpgradeCheck = 1000;
				ORGANIZATIONNAME = guoshikeji;
				TargetAttributes = {
					036133FC21927D53002F845C = {
						CreatedOnToolsVersion = 10.0;
					};
				};
			};
			buildConfigurationList = 036133F821927D53002F845C /* Build configuration list for PBXProject "VaptchaDemo" */;
			compatibilityVersion = "Xcode 9.3";
			developmentRegion = en;
			hasScannedForEncodings = 0;
			knownRegions = (
				en,
				Base,
				"zh-Hans",
				"zh-Hant",
			);
			mainGroup = 036133F421927D53002F845C;
			productRefGroup = 036133FE21927D53002F845C /* Products */;
			projectDirPath = "";
			projectRoot = "";
			targets = (
				036133FC21927D53002F845C /* VaptchaDemo */,
			);
		};
/* End PBXProject section */

/* Begin PBXResourcesBuildPhase section */
		036133FB21927D53002F845C /* Resources */ = {
			isa = PBXResourcesBuildPhase;
			buildActionMask = 2147483647;
			files = (
				036134A42192986C002F845C /* Localizable.strings in Resources */,
				0361346721928F11002F845C /* IQKeyboardManager.bundle in Resources */,
				0361340D21927D55002F845C /* LaunchScreen.storyboard in Resources */,
				03B7085C2194339900F275D0 /* VPResource.bundle in Resources */,
				0361340A21927D55002F845C /* Assets.xcassets in Resources */,
			);
			runOnlyForDeploymentPostprocessing = 0;
		};
/* End PBXResourcesBuildPhase section */

/* Begin PBXSourcesBuildPhase section */
		036133F921927D53002F845C /* Sources */ = {
			isa = PBXSourcesBuildPhase;
			buildActionMask = 2147483647;
			files = (
				0361346B21928F11002F845C /* IQUIScrollView+Additions.m in Sources */,
				0361349921928F99002F845C /* MainTabBarController.m in Sources */,
				0361349621928F90002F845C /* VPInputView.m in Sources */,
				0361346A21928F11002F845C /* IQUITextFieldView+Additions.m in Sources */,
				0361346821928F11002F845C /* IQKeyboardManager.m in Sources */,
				0361345A21928F11002F845C /* MASConstraintMaker.m in Sources */,
				0361346C21928F11002F845C /* IQUIView+Hierarchy.m in Sources */,
				0361346421928F11002F845C /* IQBarButtonItem.m in Sources */,
				0361346921928F11002F845C /* IQNSArray+Sort.m in Sources */,
				0361346E21928F11002F845C /* IQKeyboardReturnKeyHandler.m in Sources */,
				0361345821928F11002F845C /* ViewController+MASAdditions.m in Sources */,
				0361349521928F90002F845C /* VPCustomClickButton.m in Sources */,
				0361345F21928F11002F845C /* MASViewConstraint.m in Sources */,
				0361349021928F90002F845C /* OutageController.m in Sources */,
				0361341021927D55002F845C /* main.m in Sources */,
				0361346221928F11002F845C /* IQToolbar.m in Sources */,
				0361346521928F11002F845C /* IQUIView+IQKeyboardToolbar.m in Sources */,
				0361345B21928F11002F845C /* MASLayoutConstraint.m in Sources */,
				0361345E21928F11002F845C /* MASConstraint.m in Sources */,
				0361349121928F90002F845C /* EmbedController.m in Sources */,
				0361349221928F90002F845C /* InvisibleController.m in Sources */,
				0361345C21928F11002F845C /* NSArray+MASAdditions.m in Sources */,
				03B708472193DC5400F275D0 /* MainTabBarControllerAnimatedTransition.m in Sources */,
				0361340221927D53002F845C /* AppDelegate.m in Sources */,
				0361345921928F11002F845C /* MASCompositeConstraint.m in Sources */,
				0361345D21928F11002F845C /* View+MASAdditions.m in Sources */,
				0361348F21928F90002F845C /* BaseViewController.m in Sources */,
				0361345721928F11002F845C /* NSLayoutConstraint+MASDebugAdditions.m in Sources */,
				0361346321928F11002F845C /* IQTitleBarButtonItem.m in Sources */,
				0361349421928F90002F845C /* VPEnabledButton.m in Sources */,
				0361349321928F90002F845C /* ClickController.m in Sources */,
				0361346D21928F11002F845C /* IQUIViewController+Additions.m in Sources */,
				0361346021928F11002F845C /* MASViewAttribute.m in Sources */,
				0361348E21928F90002F845C /* VPNavigationController.m in Sources */,
				0361346121928F11002F845C /* IQTextView.m in Sources */,
				0361346621928F11002F845C /* IQPreviousNextView.m in Sources */,
			);
			runOnlyForDeploymentPostprocessing = 0;
		};
/* End PBXSourcesBuildPhase section */

/* Begin PBXVariantGroup section */
		0361340B21927D55002F845C /* LaunchScreen.storyboard */ = {
			isa = PBXVariantGroup;
			children = (
				0361340C21927D55002F845C /* Base */,
				036134A02192971D002F845C /* zh-Hans */,
				036134A121929726002F845C /* zh-Hant */,
			);
			name = LaunchScreen.storyboard;
			sourceTree = "<group>";
		};
		036134A62192986C002F845C /* Localizable.strings */ = {
			isa = PBXVariantGroup;
			children = (
				036134A52192986C002F845C /* en */,
				036134A72192986E002F845C /* zh-Hans */,
				036134A821929870002F845C /* zh-Hant */,
			);
			name = Localizable.strings;
			sourceTree = "<group>";
		};
/* End PBXVariantGroup section */

/* Begin XCBuildConfiguration section */
		0361341121927D55002F845C /* Debug */ = {
			isa = XCBuildConfiguration;
			buildSettings = {
				ALWAYS_SEARCH_USER_PATHS = NO;
				CLANG_ANALYZER_LOCALIZABILITY_NONLOCALIZED = YES;
				CLANG_ANALYZER_NONNULL = YES;
				CLANG_ANALYZER_NUMBER_OBJECT_CONVERSION = YES_AGGRESSIVE;
				CLANG_CXX_LANGUAGE_STANDARD = "gnu++14";
				CLANG_CXX_LIBRARY = "libc++";
				CLANG_ENABLE_MODULES = YES;
				CLANG_ENABLE_OBJC_ARC = YES;
				CLANG_ENABLE_OBJC_WEAK = YES;
				CLANG_WARN_BLOCK_CAPTURE_AUTORELEASING = YES;
				CLANG_WARN_BOOL_CONVERSION = YES;
				CLANG_WARN_COMMA = YES;
				CLANG_WARN_CONSTANT_CONVERSION = YES;
				CLANG_WARN_DEPRECATED_OBJC_IMPLEMENTATIONS = YES;
				CLANG_WARN_DIRECT_OBJC_ISA_USAGE = YES_ERROR;
				CLANG_WARN_DOCUMENTATION_COMMENTS = YES;
				CLANG_WARN_EMPTY_BODY = YES;
				CLANG_WARN_ENUM_CONVERSION = YES;
				CLANG_WARN_INFINITE_RECURSION = YES;
				CLANG_WARN_INT_CONVERSION = YES;
				CLANG_WARN_NON_LITERAL_NULL_CONVERSION = YES;
				CLANG_WARN_OBJC_IMPLICIT_RETAIN_SELF = YES;
				CLANG_WARN_OBJC_LITERAL_CONVERSION = YES;
				CLANG_WARN_OBJC_ROOT_CLASS = YES_ERROR;
				CLANG_WARN_RANGE_LOOP_ANALYSIS = YES;
				CLANG_WARN_STRICT_PROTOTYPES = YES;
				CLANG_WARN_SUSPICIOUS_MOVE = YES;
				CLANG_WARN_UNGUARDED_AVAILABILITY = YES_AGGRESSIVE;
				CLANG_WARN_UNREACHABLE_CODE = YES;
				CLANG_WARN__DUPLICATE_METHOD_MATCH = YES;
				CODE_SIGN_IDENTITY = "iPhone Developer";
				COPY_PHASE_STRIP = NO;
				DEBUG_INFORMATION_FORMAT = dwarf;
				ENABLE_STRICT_OBJC_MSGSEND = YES;
				ENABLE_TESTABILITY = YES;
				GCC_C_LANGUAGE_STANDARD = gnu11;
				GCC_DYNAMIC_NO_PIC = NO;
				GCC_NO_COMMON_BLOCKS = YES;
				GCC_OPTIMIZATION_LEVEL = 0;
				GCC_PREPROCESSOR_DEFINITIONS = (
					"DEBUG=1",
					"$(inherited)",
				);
				GCC_WARN_64_TO_32_BIT_CONVERSION = YES;
				GCC_WARN_ABOUT_RETURN_TYPE = YES_ERROR;
				GCC_WARN_UNDECLARED_SELECTOR = YES;
				GCC_WARN_UNINITIALIZED_AUTOS = YES_AGGRESSIVE;
				GCC_WARN_UNUSED_FUNCTION = YES;
				GCC_WARN_UNUSED_VARIABLE = YES;
				IPHONEOS_DEPLOYMENT_TARGET = 9.0;
				MTL_ENABLE_DEBUG_INFO = INCLUDE_SOURCE;
				MTL_FAST_MATH = YES;
				ONLY_ACTIVE_ARCH = YES;
				SDKROOT = iphoneos;
			};
			name = Debug;
		};
		0361341221927D55002F845C /* Release */ = {
			isa = XCBuildConfiguration;
			buildSettings = {
				ALWAYS_SEARCH_USER_PATHS = NO;
				CLANG_ANALYZER_LOCALIZABILITY_NONLOCALIZED = YES;
				CLANG_ANALYZER_NONNULL = YES;
				CLANG_ANALYZER_NUMBER_OBJECT_CONVERSION = YES_AGGRESSIVE;
				CLANG_CXX_LANGUAGE_STANDARD = "gnu++14";
				CLANG_CXX_LIBRARY = "libc++";
				CLANG_ENABLE_MODULES = YES;
				CLANG_ENABLE_OBJC_ARC = YES;
				CLANG_ENABLE_OBJC_WEAK = YES;
				CLANG_WARN_BLOCK_CAPTURE_AUTORELEASING = YES;
				CLANG_WARN_BOOL_CONVERSION = YES;
				CLANG_WARN_COMMA = YES;
				CLANG_WARN_CONSTANT_CONVERSION = YES;
				CLANG_WARN_DEPRECATED_OBJC_IMPLEMENTATIONS = YES;
				CLANG_WARN_DIRECT_OBJC_ISA_USAGE = YES_ERROR;
				CLANG_WARN_DOCUMENTATION_COMMENTS = YES;
				CLANG_WARN_EMPTY_BODY = YES;
				CLANG_WARN_ENUM_CONVERSION = YES;
				CLANG_WARN_INFINITE_RECURSION = YES;
				CLANG_WARN_INT_CONVERSION = YES;
				CLANG_WARN_NON_LITERAL_NULL_CONVERSION = YES;
				CLANG_WARN_OBJC_IMPLICIT_RETAIN_SELF = YES;
				CLANG_WARN_OBJC_LITERAL_CONVERSION = YES;
				CLANG_WARN_OBJC_ROOT_CLASS = YES_ERROR;
				CLANG_WARN_RANGE_LOOP_ANALYSIS = YES;
				CLANG_WARN_STRICT_PROTOTYPES = YES;
				CLANG_WARN_SUSPICIOUS_MOVE = YES;
				CLANG_WARN_UNGUARDED_AVAILABILITY = YES_AGGRESSIVE;
				CLANG_WARN_UNREACHABLE_CODE = YES;
				CLANG_WARN__DUPLICATE_METHOD_MATCH = YES;
				CODE_SIGN_IDENTITY = "iPhone Developer";
				COPY_PHASE_STRIP = NO;
				DEBUG_INFORMATION_FORMAT = "dwarf-with-dsym";
				ENABLE_NS_ASSERTIONS = NO;
				ENABLE_STRICT_OBJC_MSGSEND = YES;
				GCC_C_LANGUAGE_STANDARD = gnu11;
				GCC_NO_COMMON_BLOCKS = YES;
				GCC_WARN_64_TO_32_BIT_CONVERSION = YES;
				GCC_WARN_ABOUT_RETURN_TYPE = YES_ERROR;
				GCC_WARN_UNDECLARED_SELECTOR = YES;
				GCC_WARN_UNINITIALIZED_AUTOS = YES_AGGRESSIVE;
				GCC_WARN_UNUSED_FUNCTION = YES;
				GCC_WARN_UNUSED_VARIABLE = YES;
				IPHONEOS_DEPLOYMENT_TARGET = 9.0;
				MTL_ENABLE_DEBUG_INFO = NO;
				MTL_FAST_MATH = YES;
				SDKROOT = iphoneos;
				VALIDATE_PRODUCT = YES;
			};
			name = Release;
		};
		0361341421927D55002F845C /* Debug */ = {
			isa = XCBuildConfiguration;
			buildSettings = {
				ASSETCATALOG_COMPILER_APPICON_NAME = AppIcon;
				CODE_SIGN_STYLE = Automatic;
				DEVELOPMENT_TEAM = V294PZD7MB;
				ENABLE_BITCODE = NO;
				FRAMEWORK_SEARCH_PATHS = (
					"$(inherited)",
					"$(PROJECT_DIR)/Vaptcha",
				);
				INFOPLIST_FILE = VaptchaDemo/Info.plist;
				IPHONEOS_DEPLOYMENT_TARGET = 9.0;
				LD_RUNPATH_SEARCH_PATHS = (
					"$(inherited)",
					"@executable_path/Frameworks",
				);
				OTHER_LDFLAGS = (
					"-all_load",
					"-ObjC",
				);
				PRODUCT_BUNDLE_IDENTIFIER = guoshikeji.VaptchaDemo;
				PRODUCT_NAME = "$(TARGET_NAME)";
				TARGETED_DEVICE_FAMILY = "1,2";
			};
			name = Debug;
		};
		0361341521927D55002F845C /* Release */ = {
			isa = XCBuildConfiguration;
			buildSettings = {
				ASSETCATALOG_COMPILER_APPICON_NAME = AppIcon;
				CODE_SIGN_STYLE = Automatic;
				DEVELOPMENT_TEAM = V294PZD7MB;
				ENABLE_BITCODE = NO;
				FRAMEWORK_SEARCH_PATHS = (
					"$(inherited)",
					"$(PROJECT_DIR)/Vaptcha",
				);
				INFOPLIST_FILE = VaptchaDemo/Info.plist;
				IPHONEOS_DEPLOYMENT_TARGET = 9.0;
				LD_RUNPATH_SEARCH_PATHS = (
					"$(inherited)",
					"@executable_path/Frameworks",
				);
				OTHER_LDFLAGS = (
					"-all_load",
					"-ObjC",
				);
				PRODUCT_BUNDLE_IDENTIFIER = guoshikeji.VaptchaDemo;
				PRODUCT_NAME = "$(TARGET_NAME)";
				TARGETED_DEVICE_FAMILY = "1,2";
			};
			name = Release;
		};
/* End XCBuildConfiguration section */

/* Begin XCConfigurationList section */
		036133F821927D53002F845C /* Build configuration list for PBXProject "VaptchaDemo" */ = {
			isa = XCConfigurationList;
			buildConfigurations = (
				0361341121927D55002F845C /* Debug */,
				0361341221927D55002F845C /* Release */,
			);
			defaultConfigurationIsVisible = 0;
			defaultConfigurationName = Release;
		};
		0361341321927D55002F845C /* Build configuration list for PBXNativeTarget "VaptchaDemo" */ = {
			isa = XCConfigurationList;
			buildConfigurations = (
				0361341421927D55002F845C /* Debug */,
				0361341521927D55002F845C /* Release */,
			);
			defaultConfigurationIsVisible = 0;
			defaultConfigurationName = Release;
		};
/* End XCConfigurationList section */
	};
	rootObject = 036133F521927D53002F845C /* Project object */;
}
